
Microsoft Visual Studio Solution File, Format Version 12.00
# Visual Studio 15
VisualStudioVersion = 15.0.26730.16
MinimumVisualStudioVersion = 10.0.40219.1
Project("{FAE04EC0-301F-11D3-BF4B-00C04F79EFBC}") = "Tartarus", "Tartarus\Tartarus.csproj", "{39C82EDC-F316-49D0-8B17-8E150A68720F}"
EndProject
Global
	GlobalSection(SolutionConfigurationPlatforms) = preSolution
		Debug|Any CPU = Debug|Any CPU
		Release|Any CPU = Release|Any CPU
	EndGlobalSection
	GlobalSection(ProjectConfigurationPlatforms) = postSolution
		{39C82EDC-F316-49D0-8B17-8E150A68720F}.Debug|Any CPU.ActiveCfg = Debug|Any CPU
		{39C82EDC-F316-49D0-8B17-8E150A68720F}.Debug|Any CPU.Build.0 = Debug|Any CPU
		{39C82EDC-F316-49D0-8B17-8E150A68720F}.Release|Any CPU.ActiveCfg = Release|Any CPU
		{39C82EDC-F316-49D0-8B17-8E150A68720F}.Release|Any CPU.Build.0 = Release|Any CPU
	EndGlobalSection
	GlobalSection(SolutionProperties) = preSolution
		HideSolutionNode = FALSE
	EndGlobalSection
	GlobalSection(ExtensibilityGlobals) = postSolution
		SolutionGuid = {AD48CB5E-4CBB-4B16-AA14-F4BA157BABC5}
	EndGlobalSection
EndGlobal
